// !$*UTF8*$!
{
	archiveVersion = 1;
	classes = {
	};
	objectVersion = 46;
	objects = {

/* Begin PBXBuildFile section */
		04CE827E1A300F600033D5A0 /* UIKit.framework in Frameworks */ = {isa = PBXBuildFile; fileRef = 04CE827D1A300F600033D5A0 /* UIKit.framework */; };
		04CE82801A300F600033D5A0 /* Foundation.framework in Frameworks */ = {isa = PBXBuildFile; fileRef = 04CE827F1A300F600033D5A0 /* Foundation.framework */; };
		04CE82821A300F600033D5A0 /* CoreGraphics.framework in Frameworks */ = {isa = PBXBuildFile; fileRef = 04CE82811A300F600033D5A0 /* CoreGraphics.framework */; };
		04CE82881A300F600033D5A0 /* InfoPlist.strings in Resources */ = {isa = PBXBuildFile; fileRef = 04CE82861A300F600033D5A0 /* InfoPlist.strings */; };
		04CE828A1A300F600033D5A0 /* main.m in Sources */ = {isa = PBXBuildFile; fileRef = 04CE82891A300F600033D5A0 /* main.m */; };
		04CE828E1A300F600033D5A0 /* AppDelegate.m in Sources */ = {isa = PBXBuildFile; fileRef = 04CE828D1A300F600033D5A0 /* AppDelegate.m */; };
		04CE82901A300F600033D5A0 /* Default.png in Resources */ = {isa = PBXBuildFile; fileRef = 04CE828F1A300F600033D5A0 /* Default.png */; };
		04CE82921A300F600033D5A0 /* Default@2x.png in Resources */ = {isa = PBXBuildFile; fileRef = 04CE82911A300F600033D5A0 /* Default@2x.png */; };
		04CE82941A300F600033D5A0 /* Default-568h@2x.png in Resources */ = {isa = PBXBuildFile; fileRef = 04CE82931A300F600033D5A0 /* Default-568h@2x.png */; };
		04CE82971A300F600033D5A0 /* ViewController.m in Sources */ = {isa = PBXBuildFile; fileRef = 04CE82961A300F600033D5A0 /* ViewController.m */; };
		04CE829A1A300F600033D5A0 /* ViewController.xib in Resources */ = {isa = PBXBuildFile; fileRef = 04CE82981A300F600033D5A0 /* ViewController.xib */; };
/* End PBXBuildFile section */

/* Begin PBXFileReference section */
		04CE827A1A300F600033D5A0 /* Timeplify.app */ = {isa = PBXFileReference; explicitFileType = wrapper.application; includeInIndex = 0; path = Timeplify.app; sourceTree = BUILT_PRODUCTS_DIR; };
		04CE827D1A300F600033D5A0 /* UIKit.framework */ = {isa = PBXFileReference; lastKnownFileType = wrapper.framework; name = UIKit.framework; path = System/Library/Frameworks/UIKit.framework; sourceTree = SDKROOT; };
		04CE827F1A300F600033D5A0 /* Foundation.framework */ = {isa = PBXFileReference; lastKnownFileType = wrapper.framework; name = Foundation.framework; path = System/Library/Frameworks/Foundation.framework; sourceTree = SDKROOT; };
		04CE82811A300F600033D5A0 /* CoreGraphics.framework */ = {isa = PBXFileReference; lastKnownFileType = wrapper.framework; name = CoreGraphics.framework; path = System/Library/Frameworks/CoreGraphics.framework; sourceTree = SDKROOT; };
		04CE82851A300F600033D5A0 /* Timeplify-Info.plist */ = {isa = PBXFileReference; lastKnownFileType = text.plist.xml; path = "Timeplify-Info.plist"; sourceTree = "<group>"; };
		04CE82871A300F600033D5A0 /* en */ = {isa = PBXFileReference; lastKnownFileType = text.plist.strings; name = en; path = en.lproj/InfoPlist.strings; sourceTree = "<group>"; };
		04CE82891A300F600033D5A0 /* main.m */ = {isa = PBXFileReference; lastKnownFileType = sourcecode.c.objc; path = main.m; sourceTree = "<group>"; };
		04CE828B1A300F600033D5A0 /* Timeplify-Prefix.pch */ = {isa = PBXFileReference; lastKnownFileType = sourcecode.c.h; path = "Timeplify-Prefix.pch"; sourceTree = "<group>"; };
		04CE828C1A300F600033D5A0 /* AppDelegate.h */ = {isa = PBXFileReference; lastKnownFileType = sourcecode.c.h; path = AppDelegate.h; sourceTree = "<group>"; };
		04CE828D1A300F600033D5A0 /* AppDelegate.m */ = {isa = PBXFileReference; lastKnownFileType = sourcecode.c.objc; path = AppDelegate.m; sourceTree = "<group>"; };
		04CE828F1A300F600033D5A0 /* Default.png */ = {isa = PBXFileReference; lastKnownFileType = image.png; path = Default.png; sourceTree = "<group>"; };
		04CE82911A300F600033D5A0 /* Default@2x.png */ = {isa = PBXFileReference; lastKnownFileType = image.png; path = "Default@2x.png"; sourceTree = "<group>"; };
		04CE82931A300F600033D5A0 /* Default-568h@2x.png */ = {isa = PBXFileReference; lastKnownFileType = image.png; path = "Default-568h@2x.png"; sourceTree = "<group>"; };
		04CE82951A300F600033D5A0 /* ViewController.h */ = {isa = PBXFileReference; lastKnownFileType = sourcecode.c.h; path = ViewController.h; sourceTree = "<group>"; };
		04CE82961A300F600033D5A0 /* ViewController.m */ = {isa = PBXFileReference; lastKnownFileType = sourcecode.c.objc; path = ViewController.m; sourceTree = "<group>"; };
		04CE82991A300F600033D5A0 /* en */ = {isa = PBXFileReference; lastKnownFileType = file.xib; name = en; path = en.lproj/ViewController.xib; sourceTree = "<group>"; };
/* End PBXFileReference section */

/* Begin PBXFrameworksBuildPhase section */
		04CE82771A300F600033D5A0 /* Frameworks */ = {
			isa = PBXFrameworksBuildPhase;
			buildActionMask = 2147483647;
			files = (
				04CE827E1A300F600033D5A0 /* UIKit.framework in Frameworks */,
				04CE82801A300F600033D5A0 /* Foundation.framework in Frameworks */,
				04CE82821A300F600033D5A0 /* CoreGraphics.framework in Frameworks */,
			);
			runOnlyForDeploymentPostprocessing = 0;
		};
/* End PBXFrameworksBuildPhase section */

/* Begin PBXGroup section */
		04CE82711A300F600033D5A0 = {
			isa = PBXGroup;
			children = (
				04CE82831A300F600033D5A0 /* Timeplify */,
				04CE827C1A300F600033D5A0 /* Frameworks */,
				04CE827B1A300F600033D5A0 /* Products */,
			);
			sourceTree = "<group>";
		};
		04CE827B1A300F600033D5A0 /* Products */ = {
			isa = PBXGroup;
			children = (
				04CE827A1A300F600033D5A0 /* Timeplify.app */,
			);
			name = Products;
			sourceTree = "<group>";
		};
		04CE827C1A300F600033D5A0 /* Frameworks */ = {
			isa = PBXGroup;
			children = (
				04CE827D1A300F600033D5A0 /* UIKit.framework */,
				04CE827F1A300F600033D5A0 /* Foundation.framework */,
				04CE82811A300F600033D5A0 /* CoreGraphics.framework */,
			);
			name = Frameworks;
			sourceTree = "<group>";
		};
		04CE82831A300F600033D5A0 /* Timeplify */ = {
			isa = PBXGroup;
			children = (
				04CE828C1A300F600033D5A0 /* AppDelegate.h */,
				04CE828D1A300F600033D5A0 /* AppDelegate.m */,
				04CE82951A300F600033D5A0 /* ViewController.h */,
				04CE82961A300F600033D5A0 /* ViewController.m */,
				04CE82981A300F600033D5A0 /* ViewController.xib */,
				04CE82841A300F600033D5A0 /* Supporting Files */,
			);
			path = Timeplify;
			sourceTree = "<group>";
		};
		04CE82841A300F600033D5A0 /* Supporting Files */ = {
			isa = PBXGroup;
			children = (
				04CE82851A300F600033D5A0 /* Timeplify-Info.plist */,
				04CE82861A300F600033D5A0 /* InfoPlist.strings */,
				04CE82891A300F600033D5A0 /* main.m */,
				04CE828B1A300F600033D5A0 /* Timeplify-Prefix.pch */,
				04CE828F1A300F600033D5A0 /* Default.png */,
				04CE82911A300F600033D5A0 /* Default@2x.png */,
				04CE82931A300F600033D5A0 /* Default-568h@2x.png */,
			);
			name = "Supporting Files";
			sourceTree = "<group>";
		};
/* End PBXGroup section */

/* Begin PBXNativeTarget section */
		04CE82791A300F600033D5A0 /* Timeplify */ = {
			isa = PBXNativeTarget;
			buildConfigurationList = 04CE829D1A300F600033D5A0 /* Build configuration list for PBXNativeTarget "Timeplify" */;
			buildPhases = (
				04CE82761A300F600033D5A0 /* Sources */,
				04CE82771A300F600033D5A0 /* Frameworks */,
				04CE82781A300F600033D5A0 /* Resources */,
			);
			buildRules = (
			);
			dependencies = (
			);
			name = Timeplify;
			productName = Timeplify;
			productReference = 04CE827A1A300F600033D5A0 /* Timeplify.app */;
			productType = "com.apple.product-type.application";
		};
/* End PBXNativeTarget section */

/* Begin PBXProject section */
		04CE82721A300F600033D5A0 /* Project object */ = {
			isa = PBXProject;
			attributes = {
				LastUpgradeCheck = 0460;
				ORGANIZATIONNAME = Anil;
			};
			buildConfigurationList = 04CE82751A300F600033D5A0 /* Build configuration list for PBXProject "Timeplify" */;
			compatibilityVersion = "Xcode 3.2";
			developmentRegion = English;
			hasScannedForEncodings = 0;
			knownRegions = (
				en,
			);
			mainGroup = 04CE82711A300F600033D5A0;
			productRefGroup = 04CE827B1A300F600033D5A0 /* Products */;
			projectDirPath = "";
			projectRoot = "";
			targets = (
				04CE82791A300F600033D5A0 /* Timeplify */,
			);
		};
/* End PBXProject section */

/* Begin PBXResourcesBuildPhase section */
		04CE82781A300F600033D5A0 /* Resources */ = {
			isa = PBXResourcesBuildPhase;
			buildActionMask = 2147483647;
			files = (
				04CE82881A300F600033D5A0 /* InfoPlist.strings in Resources */,
				04CE82901A300F600033D5A0 /* Default.png in Resources */,
				04CE82921A300F600033D5A0 /* Default@2x.png in Resources */,
				04CE82941A300F600033D5A0 /* Default-568h@2x.png in Resources */,
				04CE829A1A300F600033D5A0 /* ViewController.xib in Resources */,
			);
			runOnlyForDeploymentPostprocessing = 0;
		};
/* End PBXResourcesBuildPhase section */

/* Begin PBXSourcesBuildPhase section */
		04CE82761A300F600033D5A0 /* Sources */ = {
			isa = PBXSourcesBuildPhase;
			buildActionMask = 2147483647;
			files = (
				04CE828A1A300F600033D5A0 /* main.m in Sources */,
				04CE828E1A300F600033D5A0 /* AppDelegate.m in Sources */,
				04CE82971A300F600033D5A0 /* ViewController.m in Sources */,
			);
			runOnlyForDeploymentPostprocessing = 0;
		};
/* End PBXSourcesBuildPhase section */

/* Begin PBXVariantGroup section */
		04CE82861A300F600033D5A0 /* InfoPlist.strings */ = {
			isa = PBXVariantGroup;
			children = (
				04CE82871A300F600033D5A0 /* en */,
			);
			name = InfoPlist.strings;
			sourceTree = "<group>";
		};
		04CE82981A300F600033D5A0 /* ViewController.xib */ = {
			isa = PBXVariantGroup;
			children = (
				04CE82991A300F600033D5A0 /* en */,
			);
			name = ViewController.xib;
			sourceTree = "<group>";
		};
/* End PBXVariantGroup section */

/* Begin XCBuildConfiguration section */
		04CE829B1A300F600033D5A0 /* Debug */ = {
			isa = XCBuildConfiguration;
			buildSettings = {
				ALWAYS_SEARCH_USER_PATHS = NO;
				CLANG_CXX_LANGUAGE_STANDARD = "gnu++0x";
				CLANG_CXX_LIBRARY = "libc++";
				CLANG_ENABLE_OBJC_ARC = YES;
				CLANG_WARN_CONSTANT_CONVERSION = YES;
				CLANG_WARN_EMPTY_BODY = YES;
				CLANG_WARN_ENUM_CONVERSION = YES;
				CLANG_WARN_INT_CONVERSION = YES;
				CLANG_WARN__DUPLICATE_METHOD_MATCH = YES;
				"CODE_SIGN_IDENTITY[sdk=iphoneos*]" = "iPhone Developer";
				COPY_PHASE_STRIP = NO;
				GCC_C_LANGUAGE_STANDARD = gnu99;
				GCC_DYNAMIC_NO_PIC = NO;
				GCC_OPTIMIZATION_LEVEL = 0;
				GCC_PREPROCESSOR_DEFINITIONS = (
					"DEBUG=1",
					"$(inherited)",
				);
				GCC_SYMBOLS_PRIVATE_EXTERN = NO;
				GCC_WARN_ABOUT_RETURN_TYPE = YES;
				GCC_WARN_UNINITIALIZED_AUTOS = YES;
				GCC_WARN_UNUSED_VARIABLE = YES;
				IPHONEOS_DEPLOYMENT_TARGET = 6.1;
				ONLY_ACTIVE_ARCH = YES;
				SDKROOT = iphoneos;
			};
			name = Debug;
		};
		04CE829C1A300F600033D5A0 /* Release */ = {
			isa = XCBuildConfiguration;
			buildSettings = {
				ALWAYS_SEARCH_USER_PATHS = NO;
				CLANG_CXX_LANGUAGE_STANDARD = "gnu++0x";
				CLANG_CXX_LIBRARY = "libc++";
				CLANG_ENABLE_OBJC_ARC = YES;
				CLANG_WARN_CONSTANT_CONVERSION = YES;
				CLANG_WARN_EMPTY_BODY = YES;
				CLANG_WARN_ENUM_CONVERSION = YES;
				CLANG_WARN_INT_CONVERSION = YES;
				CLANG_WARN__DUPLICATE_METHOD_MATCH = YES;
				"CODE_SIGN_IDENTITY[sdk=iphoneos*]" = "iPhone Developer";
				COPY_PHASE_STRIP = YES;
				GCC_C_LANGUAGE_STANDARD = gnu99;
				GCC_WARN_ABOUT_RETURN_TYPE = YES;
				GCC_WARN_UNINITIALIZED_AUTOS = YES;
				GCC_WARN_UNUSED_VARIABLE = YES;
				IPHONEOS_DEPLOYMENT_TARGET = 6.1;
				OTHER_CFLAGS = "-DNS_BLOCK_ASSERTIONS=1";
				SDKROOT = iphoneos;
				VALIDATE_PRODUCT = YES;
			};
			name = Release;
		};
		04CE829E1A300F600033D5A0 /* Debug */ = {
			isa = XCBuildConfiguration;
			buildSettings = {
				GCC_PRECOMPILE_PREFIX_HEADER = YES;
				GCC_PREFIX_HEADER = "Timeplify/Timeplify-Prefix.pch";
				INFOPLIST_FILE = "Timeplify/Timeplify-Info.plist";
				PRODUCT_NAME = "$(TARGET_NAME)";
				WRAPPER_EXTENSION = app;
			};
			name = Debug;
		};
		04CE829F1A300F600033D5A0 /* Release */ = {
			isa = XCBuildConfiguration;
			buildSettings = {
				GCC_PRECOMPILE_PREFIX_HEADER = YES;
				GCC_PREFIX_HEADER = "Timeplify/Timeplify-Prefix.pch";
				INFOPLIST_FILE = "Timeplify/Timeplify-Info.plist";
				PRODUCT_NAME = "$(TARGET_NAME)";
				WRAPPER_EXTENSION = app;
			};
			name = Release;
		};
/* End XCBuildConfiguration section */

/* Begin XCConfigurationList section */
		04CE82751A300F600033D5A0 /* Build configuration list for PBXProject "Timeplify" */ = {
			isa = XCConfigurationList;
			buildConfigurations = (
				04CE829B1A300F600033D5A0 /* Debug */,
				04CE829C1A300F600033D5A0 /* Release */,
			);
			defaultConfigurationIsVisible = 0;
			defaultConfigurationName = Release;
		};
		04CE829D1A300F600033D5A0 /* Build configuration list for PBXNativeTarget "Timeplify" */ = {
			isa = XCConfigurationList;
			buildConfigurations = (
				04CE829E1A300F600033D5A0 /* Debug */,
				04CE829F1A300F600033D5A0 /* Release */,
			);
			defaultConfigurationIsVisible = 0;
		};
/* End XCConfigurationList section */
	};
	rootObject = 04CE82721A300F600033D5A0 /* Project object */;
}
